{
  "version": "4",
  "specifiers": {
    "jsr:@hono/hono@^4.6.17": "4.6.17"
  },
  "jsr": {
    "@hono/hono@4.6.17": {
      "integrity": "932fcc61d043b14a8b2cb65242716eb32da44e91f2ee117fd7390508669fea31"
    }
  },
  "redirects": {
    "https://esm.sh/@asteasolutions/zod-to-openapi@^7.1.0?target=denonext": "https://esm.sh/@asteasolutions/zod-to-openapi@7.3.0?target=denonext",
    "https://esm.sh/@hono/zod-openapi@latest": "https://esm.sh/@hono/zod-openapi@0.18.3",
    "https://esm.sh/@hono/zod-validator@^0.4.1?target=denonext": "https://esm.sh/@hono/zod-validator@0.4.2?target=denonext",
    "https://esm.sh/atomic-sleep@^1.0.0?target=denonext": "https://esm.sh/atomic-sleep@1.0.0?target=denonext",
    "https://esm.sh/colorette@^2.0.7?target=denonext": "https://esm.sh/colorette@2.0.20?target=denonext",
    "https://esm.sh/dateformat@^4.6.3?target=denonext": "https://esm.sh/dateformat@4.6.3?target=denonext",
    "https://esm.sh/end-of-stream@^1.1.0?target=denonext": "https://esm.sh/end-of-stream@1.4.4?target=denonext",
    "https://esm.sh/fast-copy@^2.1.1?target=denonext": "https://esm.sh/fast-copy@2.1.7?target=denonext",
    "https://esm.sh/fast-redact@^3.1.1?target=denonext": "https://esm.sh/fast-redact@3.5.0?target=denonext",
    "https://esm.sh/fast-safe-stringify@^2.1.1?target=denonext": "https://esm.sh/fast-safe-stringify@2.1.1?target=denonext",
    "https://esm.sh/hono@%3E=3.9.0/validator?target=denonext": "https://esm.sh/hono@4.6.18/validator?target=denonext",
    "https://esm.sh/hono@%3E=4.3.6/utils/url?target=denonext": "https://esm.sh/hono@4.6.18/utils/url?target=denonext",
    "https://esm.sh/hono@%3E=4.3.6?target=denonext": "https://esm.sh/hono@4.6.18?target=denonext",
    "https://esm.sh/on-exit-leak-free@^2.1.0?target=denonext": "https://esm.sh/on-exit-leak-free@2.1.2?target=denonext",
    "https://esm.sh/once@^1.3.1?target=denonext": "https://esm.sh/once@1.4.0?target=denonext",
    "https://esm.sh/once@^1.4.0?target=denonext": "https://esm.sh/once@1.4.0?target=denonext",
    "https://esm.sh/pino-abstract-transport@^1.0.0?target=denonext": "https://esm.sh/pino-abstract-transport@1.2.0?target=denonext",
    "https://esm.sh/pino-std-serializers@^6.0.0?target=denonext": "https://esm.sh/pino-std-serializers@6.2.2?target=denonext",
    "https://esm.sh/process@^0.11.10?target=denonext": "https://esm.sh/process@0.11.10?target=denonext",
    "https://esm.sh/pump@^3.0.0?target=denonext": "https://esm.sh/pump@3.0.2?target=denonext",
    "https://esm.sh/quick-format-unescaped@^4.0.3?target=denonext": "https://esm.sh/quick-format-unescaped@4.0.4?target=denonext",
    "https://esm.sh/readable-stream@^4.0.0?target=denonext": "https://esm.sh/readable-stream@4.7.0?target=denonext",
    "https://esm.sh/safe-buffer@~5.2.0?target=denonext": "https://esm.sh/safe-buffer@5.2.1?target=denonext",
    "https://esm.sh/safe-stable-stringify@^2.3.1?target=denonext": "https://esm.sh/safe-stable-stringify@2.5.0?target=denonext",
    "https://esm.sh/secure-json-parse@^2.4.0?target=denonext": "https://esm.sh/secure-json-parse@2.7.0?target=denonext",
    "https://esm.sh/sonic-boom@^3.0.0?target=denonext": "https://esm.sh/sonic-boom@3.8.1?target=denonext",
    "https://esm.sh/sonic-boom@^3.1.0?target=denonext": "https://esm.sh/sonic-boom@3.8.1?target=denonext",
    "https://esm.sh/split2@^4.0.0?target=denonext": "https://esm.sh/split2@4.2.0?target=denonext",
    "https://esm.sh/string_decoder@^1.3.0?target=denonext": "https://esm.sh/string_decoder@1.3.0?target=denonext",
    "https://esm.sh/thread-stream@^2.0.0?target=denonext": "https://esm.sh/thread-stream@2.7.0?target=denonext",
    "https://esm.sh/wrappy@1?target=denonext": "https://esm.sh/wrappy@1.0.2?target=denonext",
    "https://esm.sh/zod@3.*?target=denonext": "https://esm.sh/zod@3.24.1?target=denonext",
    "https://esm.sh/zod@^3.19.1?target=denonext": "https://esm.sh/zod@3.24.1?target=denonext"
  },
  "remote": {
    "https://deno.land/x/dotenv@v3.2.0/mod.ts": "077b48773de9205266a0b44c3c3a3c3083449ed64bb0b6cc461b95720678d38e",
    "https://deno.land/x/dotenv@v3.2.0/util.ts": "693730877b13f8ead2b79b2aa31e2a0652862f7dc0c5f6d2f313f4d39c7b7670",
    "https://deno.land/x/hono@v3.3.0/client/client.ts": "7a819af2aa9aabc746add4d01715fa37f83676fdf1b63fba1bbcd655b2d066a5",
    "https://deno.land/x/hono@v3.3.0/client/index.ts": "3ff4cf246f3543f827a85a2c84d66a025ac350ee927613629bda47e854bfb7ba",
    "https://deno.land/x/hono@v3.3.0/client/utils.ts": "053273c002963b549d38268a1b423ac8ca211a8028bdab1ed0b781a62aa5e661",
    "https://deno.land/x/hono@v3.3.0/compose.ts": "e55ed7be2134f363ff3c8e8e2f520ff682c6a11a47d7189100ed69704ce10b9e",
    "https://deno.land/x/hono@v3.3.0/context.ts": "a9d2dba3528df1a804d78630f867a8aaee2ebc8b498c5c781eeb057539dedb20",
    "https://deno.land/x/hono@v3.3.0/hono-base.ts": "4b5ca6acc83cb9cdbff57ed564628b07fc0f957a983310002f609ed79aaa80e5",
    "https://deno.land/x/hono@v3.3.0/hono.ts": "c185fae30dc3aa9966b0f3e8599f81314ba5e8621b907d27cffb77414a1c0908",
    "https://deno.land/x/hono@v3.3.0/http-exception.ts": "6071df078b5f76d279684d52fe82a590f447a64ffe1b75eb5064d0c8a8d2d676",
    "https://deno.land/x/hono@v3.3.0/mod.ts": "be5c09896830494225a12488e3e086b331b9c8829f66cc529cb8636a0c15f6fe",
    "https://deno.land/x/hono@v3.3.0/request.ts": "abbfbd63516c7ee60445b85a5ae8d45a8c9b4dc1a536af5cf84ff73b742ebda4",
    "https://deno.land/x/hono@v3.3.0/router.ts": "d03e2a9e862c898e8555b451ba80c65b1f39d487230815229e1f046dbd8546cb",
    "https://deno.land/x/hono@v3.3.0/router/linear-router/index.ts": "8a2a7144c50b1f4a92d9ee99c2c396716af144c868e10608255f969695efccd0",
    "https://deno.land/x/hono@v3.3.0/router/linear-router/router.ts": "90d4afc052b72f53dafbcf97fd32f24299b985f8a35dbdc70b28048201b3dcbc",
    "https://deno.land/x/hono@v3.3.0/router/pattern-router/index.ts": "304a66c50e243872037ed41c7dd79ed0c89d815e17e172e7ad7cdc4bc07d3383",
    "https://deno.land/x/hono@v3.3.0/router/pattern-router/router.ts": "38ffe40056f3aa7ecf441711d82af2d0357aae6c2fd168f534427579e89439f4",
    "https://deno.land/x/hono@v3.3.0/router/reg-exp-router/index.ts": "52755829213941756159b7a963097bafde5cc4fc22b13b1c7c9184dc0512d1db",
    "https://deno.land/x/hono@v3.3.0/router/reg-exp-router/node.ts": "8006b5bccb83d9fc98e0562a5545f6dd0be639ce445b089a6171c9c617aa8693",
    "https://deno.land/x/hono@v3.3.0/router/reg-exp-router/router.ts": "aeddd88e16a7ec3cf088a13ee952cfcb3319f97559767253e1a600f72fc70f27",
    "https://deno.land/x/hono@v3.3.0/router/reg-exp-router/trie.ts": "567493b301c44174f0895aedb8d055bbecf88f8a25626fa8ca61333bbd0c882c",
    "https://deno.land/x/hono@v3.3.0/router/smart-router/index.ts": "74f9b4fe15ea535900f2b9b048581915f12fe94e531dd2b0032f5610e61c3bef",
    "https://deno.land/x/hono@v3.3.0/router/smart-router/router.ts": "38209165dadea4182b42807a0a6c84a9258532a07ebf87262dc2b5b09d25a2a2",
    "https://deno.land/x/hono@v3.3.0/router/trie-router/index.ts": "3eb75e7f71ba81801631b30de6b1f5cefb2c7239c03797e2b2cbab5085911b41",
    "https://deno.land/x/hono@v3.3.0/router/trie-router/node.ts": "3e27c0ff9b1d677c4ab1fbf0895e81c8e3ba277c6c2ccbc68a98185b32040c95",
    "https://deno.land/x/hono@v3.3.0/router/trie-router/router.ts": "ad0b3fdabc33abd11a9f5819734aec743602a743cfc9f90ddad73787cd5e7727",
    "https://deno.land/x/hono@v3.3.0/types.ts": "d9733cf808ae9828fb12b62ff4decc23992da8f2050294a16e4af6d90db302f3",
    "https://deno.land/x/hono@v3.3.0/utils/body.ts": "67627aaac6ea8d3d2f2ffcb0aabccfe0c854ee11eaecd36dfcc2f012005337f7",
    "https://deno.land/x/hono@v3.3.0/utils/cookie.ts": "ff2f948c27fb8867fc990b1b6b182dfbe4c263c60a94cd33aefa77af5cdb1655",
    "https://deno.land/x/hono@v3.3.0/utils/url.ts": "ad1c84749c1d8fc9b069a074003855b52c04bd56b64ac731a0abc276dfe90dcc",
    "https://deno.land/x/hono@v3.3.0/validator/index.ts": "6c986e8b91dcf857ecc8164a506ae8eea8665792a4ff7215471df669c632ae7c",
    "https://deno.land/x/hono@v3.3.0/validator/validator.ts": "e52183ddf8cefc3cfe2788802fe6ce766df8ac904df485107b01cbcca167dbad",
    "https://deno.land/x/hono@v3.3.2/client/client.ts": "7a819af2aa9aabc746add4d01715fa37f83676fdf1b63fba1bbcd655b2d066a5",
    "https://deno.land/x/hono@v3.3.2/client/index.ts": "3ff4cf246f3543f827a85a2c84d66a025ac350ee927613629bda47e854bfb7ba",
    "https://deno.land/x/hono@v3.3.2/client/utils.ts": "053273c002963b549d38268a1b423ac8ca211a8028bdab1ed0b781a62aa5e661",
    "https://deno.land/x/hono@v3.3.2/compose.ts": "e55ed7be2134f363ff3c8e8e2f520ff682c6a11a47d7189100ed69704ce10b9e",
    "https://deno.land/x/hono@v3.3.2/context.ts": "a9d2dba3528df1a804d78630f867a8aaee2ebc8b498c5c781eeb057539dedb20",
    "https://deno.land/x/hono@v3.3.2/hono-base.ts": "4b5ca6acc83cb9cdbff57ed564628b07fc0f957a983310002f609ed79aaa80e5",
    "https://deno.land/x/hono@v3.3.2/hono.ts": "c185fae30dc3aa9966b0f3e8599f81314ba5e8621b907d27cffb77414a1c0908",
    "https://deno.land/x/hono@v3.3.2/http-exception.ts": "6071df078b5f76d279684d52fe82a590f447a64ffe1b75eb5064d0c8a8d2d676",
    "https://deno.land/x/hono@v3.3.2/mod.ts": "be5c09896830494225a12488e3e086b331b9c8829f66cc529cb8636a0c15f6fe",
    "https://deno.land/x/hono@v3.3.2/request.ts": "abbfbd63516c7ee60445b85a5ae8d45a8c9b4dc1a536af5cf84ff73b742ebda4",
    "https://deno.land/x/hono@v3.3.2/router.ts": "d03e2a9e862c898e8555b451ba80c65b1f39d487230815229e1f046dbd8546cb",
    "https://deno.land/x/hono@v3.3.2/router/linear-router/index.ts": "8a2a7144c50b1f4a92d9ee99c2c396716af144c868e10608255f969695efccd0",
    "https://deno.land/x/hono@v3.3.2/router/linear-router/router.ts": "90d4afc052b72f53dafbcf97fd32f24299b985f8a35dbdc70b28048201b3dcbc",
    "https://deno.land/x/hono@v3.3.2/router/pattern-router/index.ts": "304a66c50e243872037ed41c7dd79ed0c89d815e17e172e7ad7cdc4bc07d3383",
    "https://deno.land/x/hono@v3.3.2/router/pattern-router/router.ts": "8107b92cb713ba3727639c76fab44fd26883d5f2fa7dd39242150a0f269d4835",
    "https://deno.land/x/hono@v3.3.2/router/reg-exp-router/index.ts": "52755829213941756159b7a963097bafde5cc4fc22b13b1c7c9184dc0512d1db",
    "https://deno.land/x/hono@v3.3.2/router/reg-exp-router/node.ts": "8006b5bccb83d9fc98e0562a5545f6dd0be639ce445b089a6171c9c617aa8693",
    "https://deno.land/x/hono@v3.3.2/router/reg-exp-router/router.ts": "aeddd88e16a7ec3cf088a13ee952cfcb3319f97559767253e1a600f72fc70f27",
    "https://deno.land/x/hono@v3.3.2/router/reg-exp-router/trie.ts": "567493b301c44174f0895aedb8d055bbecf88f8a25626fa8ca61333bbd0c882c",
    "https://deno.land/x/hono@v3.3.2/router/smart-router/index.ts": "74f9b4fe15ea535900f2b9b048581915f12fe94e531dd2b0032f5610e61c3bef",
    "https://deno.land/x/hono@v3.3.2/router/smart-router/router.ts": "38209165dadea4182b42807a0a6c84a9258532a07ebf87262dc2b5b09d25a2a2",
    "https://deno.land/x/hono@v3.3.2/router/trie-router/index.ts": "3eb75e7f71ba81801631b30de6b1f5cefb2c7239c03797e2b2cbab5085911b41",
    "https://deno.land/x/hono@v3.3.2/router/trie-router/node.ts": "a52111dea7436d6817ffca04018eb65e552e9d7b15fba11b367016334dcb1b0f",
    "https://deno.land/x/hono@v3.3.2/router/trie-router/router.ts": "ad0b3fdabc33abd11a9f5819734aec743602a743cfc9f90ddad73787cd5e7727",
    "https://deno.land/x/hono@v3.3.2/types.ts": "d9733cf808ae9828fb12b62ff4decc23992da8f2050294a16e4af6d90db302f3",
    "https://deno.land/x/hono@v3.3.2/utils/body.ts": "67627aaac6ea8d3d2f2ffcb0aabccfe0c854ee11eaecd36dfcc2f012005337f7",
    "https://deno.land/x/hono@v3.3.2/utils/cookie.ts": "ff2f948c27fb8867fc990b1b6b182dfbe4c263c60a94cd33aefa77af5cdb1655",
    "https://deno.land/x/hono@v3.3.2/utils/url.ts": "ad1c84749c1d8fc9b069a074003855b52c04bd56b64ac731a0abc276dfe90dcc",
    "https://deno.land/x/hono@v3.3.2/validator/index.ts": "6c986e8b91dcf857ecc8164a506ae8eea8665792a4ff7215471df669c632ae7c",
    "https://deno.land/x/hono@v3.3.2/validator/validator.ts": "e52183ddf8cefc3cfe2788802fe6ce766df8ac904df485107b01cbcca167dbad",
    "https://esm.sh/@asteasolutions/zod-to-openapi@7.3.0/denonext/zod-to-openapi.mjs": "653af2b4296ba6ef08f801993f03dc5b8147368e71477ed9e25382967659b354",
    "https://esm.sh/@asteasolutions/zod-to-openapi@7.3.0?target=denonext": "ebc7724998f1965f0ff2277dccb2634f90e90852f3546de2487ff3b5cf432783",
    "https://esm.sh/@hono/zod-openapi@0.18.3": "8a4bf9a516983241a9f2f898b3665debbc9b01bd14464a29b158c4a76fc1f4af",
    "https://esm.sh/@hono/zod-openapi@0.18.3/denonext/zod-openapi.mjs": "b744ea9761bef575f7dde4dcb0432146e1b6e4bb5af58cf4ef34c1bba1e29a04",
    "https://esm.sh/@hono/zod-validator@0.4.2/denonext/zod-validator.mjs": "a1ba9d0f66ef06bcb993ca695bd3399c50f5448590880792da1d7a70b0764149",
    "https://esm.sh/@hono/zod-validator@0.4.2?target=denonext": "7a78f404a75c8a20bc1a337a0f3dd5556973b78479eaae2667551f01c17543e9",
    "https://esm.sh/atomic-sleep@1.0.0/denonext/atomic-sleep.mjs": "049897a4abe2485a0f04f004fb9d65a1487b45cd116afdce884d3f7f27cfd850",
    "https://esm.sh/atomic-sleep@1.0.0?target=denonext": "b9c9e2282ffb226244a97665e7bee9d85f0da84fc02e22d338c5cb14c34d1607",
    "https://esm.sh/colorette@2.0.20/denonext/colorette.mjs": "b639090e8bd5f4442fbc389de2d77c5d9095c68d5daf57f9723c2f304ef602d6",
    "https://esm.sh/colorette@2.0.20?target=denonext": "a625e1281acc28960248fb667a0b5ece3a0510d6f79fefcc48724f1484d69b02",
    "https://esm.sh/dateformat@4.6.3/denonext/dateformat.mjs": "4682e977434f6d7eb9de92e2b92cdeed0ecc5284947731626424d908e5e37592",
    "https://esm.sh/dateformat@4.6.3?target=denonext": "e9a43785e9147c1ee470c9642b120a7cebf57f0395c550e072b6e72ee3f32fb1",
    "https://esm.sh/end-of-stream@1.4.4/denonext/end-of-stream.mjs": "72189eefb089ff730279bb849a54c30177a713bd69ff97502cb0cdc43f5486be",
    "https://esm.sh/end-of-stream@1.4.4?target=denonext": "97baa20b35ff66fe04101d01c347cb374f7b8a5fdae110cc5e2124e0a1f5ca1c",
    "https://esm.sh/fast-copy@2.1.7/denonext/fast-copy.mjs": "0b92e1bb9a62ba35f966978236f58a48f6be31c5ec15e9eab89083434efb8255",
    "https://esm.sh/fast-copy@2.1.7?target=denonext": "10f9c18cf2fd437d9f91bbe4e76086a2c9321af4a583d5b584b20b653c48562c",
    "https://esm.sh/fast-redact@3.5.0/denonext/fast-redact.mjs": "ca0bf087e4215cfba750991a8bb79d68faf611b50b89cbd6d7536f2e2c2801ff",
    "https://esm.sh/fast-redact@3.5.0?target=denonext": "b534607a799b8305070531b6cfc144bd547f34a1e964f6cc26c23460e5c96e0e",
    "https://esm.sh/fast-safe-stringify@2.1.1/denonext/fast-safe-stringify.mjs": "81867c3a5447dbe29a0ef3f305587f995ffba751a7f03d3e7f42849b0f565286",
    "https://esm.sh/fast-safe-stringify@2.1.1?target=denonext": "57316e9ed392217f57d729594ac60d72818d41087ef57c0446ee0ae59d31488e",
    "https://esm.sh/hono@4.6.18/denonext/cookie.mjs": "9ed9af14e87feeed877bd42e3bbcaf986a347182ceda119e3390f90ac009300c",
    "https://esm.sh/hono@4.6.18/denonext/dist/compose.mjs": "3ca99aed5f23822e2f0fc1970848564e4fa778860aca2d039aa8fb80c78fe4af",
    "https://esm.sh/hono@4.6.18/denonext/dist/context.mjs": "ea176a36087be114fd50b8e0280c47a5d10695616467005420e100d42144b5db",
    "https://esm.sh/hono@4.6.18/denonext/dist/hono.mjs": "89d7350b9d607015ca1e9f2eadced0bd4551a3dfadd87272f75d77c2d0c4dc90",
    "https://esm.sh/hono@4.6.18/denonext/dist/utils/body.mjs": "a6c6e29dba69cdf75626ac21dab2e16a3e5427f3479067ae5f5d1e51d455f0ae",
    "https://esm.sh/hono@4.6.18/denonext/dist/utils/buffer.mjs": "4097da5f06f0c780458c6882079e31585460cbc30466601558914e259a5c32c6",
    "https://esm.sh/hono@4.6.18/denonext/dist/utils/constants.mjs": "cd4e53ffc25c4581cd32bf5deac36d61fe5e3129b9000a1fe22f4e08d017016e",
    "https://esm.sh/hono@4.6.18/denonext/dist/utils/cookie.mjs": "7ebd832f3fa8b609c0506b528c1ad83a53a61a0145cce1dc9a254fc0f81e82ae",
    "https://esm.sh/hono@4.6.18/denonext/dist/utils/html.mjs": "95ef754a69082ab843d29ba76b3ef5fc0b7662622482ff79ee4b82289553e3ac",
    "https://esm.sh/hono@4.6.18/denonext/dist/utils/url.mjs": "98088675284dd0401f13a8846c144791069114f6281247fc717095df2620d28b",
    "https://esm.sh/hono@4.6.18/denonext/hono-base.mjs": "5091af19c42805921ed05ab049088aec70f56155fcf1e2cce254093d5a51cac5",
    "https://esm.sh/hono@4.6.18/denonext/hono.mjs": "dcef2fba4d892aad083d2ba31d9294e8eb39c6bdedffdd1f4ff2327546271047",
    "https://esm.sh/hono@4.6.18/denonext/http-exception.mjs": "fe78306640c3d8e04a07f12fcd893472fce2b357f441c4818f9150a17b3ec67c",
    "https://esm.sh/hono@4.6.18/denonext/request.mjs": "c668ec9ca096e96adfdbffba2266e20552a38fbc7e7ebe8edb38ff90e04233f9",
    "https://esm.sh/hono@4.6.18/denonext/router.mjs": "19392311ab37d52756d0c4d1431b14a3be08df310bdcc77380ef1b525dc188c6",
    "https://esm.sh/hono@4.6.18/denonext/router/reg-exp-router.mjs": "ad4e50015a1336297a1ef6579bc83ba9c4dc3c9f5896da5d53acf221b5fdb452",
    "https://esm.sh/hono@4.6.18/denonext/router/smart-router.mjs": "1da1d28c423ca331405b08713f42efaffde8c0f03de529c8a2db84eb3a9378c8",
    "https://esm.sh/hono@4.6.18/denonext/router/trie-router.mjs": "ea65d5cc523c54b1f243be296ca254ab0816cc9c33906fca9a7b387a195f48ff",
    "https://esm.sh/hono@4.6.18/denonext/utils/url.mjs": "1b2f5512b5ee236bcdca5710380f7e94131be3e65800166dc6f4b37237c28f0d",
    "https://esm.sh/hono@4.6.18/denonext/validator.mjs": "a78cc8120c7ed3bc7daafe958ab11b2ae991c9a4ace961c57f08b7593502b2e0",
    "https://esm.sh/hono@4.6.18/utils/url?target=denonext": "2aef0987b1385f7bcb88ea37e73e848ab7d3300fbf56e6960bae96fe5098bec7",
    "https://esm.sh/hono@4.6.18/validator?target=denonext": "fb14a2405a3344bca97fed25bf1ba5c013ac553a85ea8d6673020fa109c1fce4",
    "https://esm.sh/hono@4.6.18?target=denonext": "a6c8ae6ec41ff8d67018176b3011bc0560f743f3d93cf710910772154c4221a0",
    "https://esm.sh/on-exit-leak-free@2.1.2/denonext/on-exit-leak-free.mjs": "186043fa40e3375fa47041d530484f505086c71b198eb3e1aba6c3bf3c5916f1",
    "https://esm.sh/on-exit-leak-free@2.1.2?target=denonext": "1ae736c4ec4c170e327c0cb0a7d2b6f8824f2bd278a4d8885896528a5cc21af6",
    "https://esm.sh/once@1.4.0/denonext/once.mjs": "cb2ad3a1bf30d4a2400ad6f8477c36fcee3538a95729e6bf071a8446dd69fbea",
    "https://esm.sh/once@1.4.0?target=denonext": "76b137ba41d1f2fb149bfcad1d01565884edf385635622611ce3d9fc8b8b54ce",
    "https://esm.sh/pino-abstract-transport@1.2.0/denonext/pino-abstract-transport.mjs": "049c29293d8f32a99277899d2b0e02240450526b1ca8aaa86c3c41c8035d2855",
    "https://esm.sh/pino-abstract-transport@1.2.0?target=denonext": "327562df56dcbbe8756750812f5ee2d69e256f5e123de02f2d9e4621522035bc",
    "https://esm.sh/pino-pretty@9.0.0": "3304607e8dec405dba7c7c7f31421a9deefc92d8085fe2a0035209ea258b8023",
    "https://esm.sh/pino-pretty@9.0.0/denonext/pino-pretty.mjs": "037545dca5396900936ad2f807082cc000b70f73999cfb862e1c2ad852559c55",
    "https://esm.sh/pino-std-serializers@6.2.2/denonext/pino-std-serializers.mjs": "ce1c9ac6874377690be260efe6a4e2f6ed76850f3ba146239e23c4974186f55c",
    "https://esm.sh/pino-std-serializers@6.2.2?target=denonext": "dfd4993aafb86f0f7583d1adbdc15b357a78a36b59c8be0a4ca6e35f11731a92",
    "https://esm.sh/pino@8.15.0": "cb516a1b0089714b48ff7f7b0fd1ff5b3fb821cbdf39398f1b49f013047e0452",
    "https://esm.sh/pino@8.15.0/denonext/pino.mjs": "759b0d2e22928dc70755c3e2f3173fce829d6c93a84797f06d1fbfddb3a9b503",
    "https://esm.sh/process@0.11.10/denonext/process.mjs": "090e664e58df177ad8e385671cb9245e024c4b842d3286c6a9a4bb681df919a9",
    "https://esm.sh/process@0.11.10?target=denonext": "04ea866e2d41774b69ea209bd33ec3422f8ebdb985ae45d4c8f89dbfb34f5dbe",
    "https://esm.sh/pump@3.0.2/denonext/pump.mjs": "709dace8111ed18d2659dac066bd0278314e21f1d7939efa4ab2cc78e4f915b2",
    "https://esm.sh/pump@3.0.2?target=denonext": "bee060850a3eb8b2adc569b876fbc8a931ddb6622b14b863a86582dae41b201b",
    "https://esm.sh/quick-format-unescaped@4.0.4/denonext/quick-format-unescaped.mjs": "edd9c1a829fbc5340ea89999390831c91f6b9961c132d94a1217d18e0f946e89",
    "https://esm.sh/quick-format-unescaped@4.0.4?target=denonext": "faf1f7a56ae968c81d0c37bd9f1eaead363afee5cd73eb2fc0e51c8f772b1291",
    "https://esm.sh/readable-stream@4.7.0/denonext/readable-stream.mjs": "81c0fc6b1f08c4edb8d5d379e46a603a3acf461d0be79e86e68fe7ae5faa22f0",
    "https://esm.sh/readable-stream@4.7.0?target=denonext": "3e541c1f82f19ae930cc3b4ad4aed63ed663b3512c37fba2a49d8adb18f6afc3",
    "https://esm.sh/safe-buffer@5.2.1/denonext/safe-buffer.mjs": "51b088d69d0bbf6d7ce4179853887e105715df40e432a3bff0e9575cc2285276",
    "https://esm.sh/safe-buffer@5.2.1?target=denonext": "34028b9647c849fa96dfd3d9f217a3adca8b43b13409820ac3f43fb15eba3e20",
    "https://esm.sh/safe-stable-stringify@2.5.0/denonext/safe-stable-stringify.mjs": "924a3f8922c879120dcfa8f3e5f6caed9428c57035e6f9d284df270f4ae1574f",
    "https://esm.sh/safe-stable-stringify@2.5.0?target=denonext": "8fae26be3ee4e8f6f1fc01e324853580cc299bae66f3b2d8e71bd2d8a1106ce6",
    "https://esm.sh/secure-json-parse@2.7.0/denonext/secure-json-parse.mjs": "bb9840bcb6fdce5857d7412b4c4e272b70044efac66a58cc78d8c97bdb56786d",
    "https://esm.sh/secure-json-parse@2.7.0?target=denonext": "00b85213b6c18313c3de9c07941e27f9666f8c601818c221775a4f744430f89f",
    "https://esm.sh/sonic-boom@3.8.1/denonext/sonic-boom.mjs": "6217d81bb1ade9b869125d06cebc494706818a9516ecd1f97265924dec68ebb4",
    "https://esm.sh/sonic-boom@3.8.1?target=denonext": "534ea6cb87ba28289beb955c98394ed6350a994ab3f97ff9f60d290f9bf7240f",
    "https://esm.sh/split2@4.2.0/denonext/split2.mjs": "120c884d438f72a577cb92e4c6c560d0a53b7dabb9ef09411a318be263f14e2e",
    "https://esm.sh/split2@4.2.0?target=denonext": "d3ae08eda4e92cd0990588b494501495674c58af1450e35e36c6614b4878cb4f",
    "https://esm.sh/string_decoder@1.3.0/denonext/string_decoder.mjs": "85101acf5061e49887913bdea19e62937550fb644532540e55019acd88d2189a",
    "https://esm.sh/string_decoder@1.3.0?target=denonext": "0442e3edb67b63113ed964b3754d5a3170898a23a86e2d05c23432c346a0391e",
    "https://esm.sh/thread-stream@2.7.0/denonext/thread-stream.mjs": "132e4f86947738e6863aba0567ffcba2f7552705f209fa66ccfa6a352e04d449",
    "https://esm.sh/thread-stream@2.7.0?target=denonext": "3ab87de4103a163ac158850d831be6b2788113ee719c2ce56d1efa50e6637eca",
    "https://esm.sh/wrappy@1.0.2/denonext/wrappy.mjs": "9b30fecc8c0ab8657d63ee25d8d67f22fed7ce32136e667f7da1e88cbc8b8ef4",
    "https://esm.sh/wrappy@1.0.2?target=denonext": "8320150f54fb04978cacf7cfc557e43eca3b628375e09d45e78268d8035def7f",
    "https://esm.sh/zod@3.24.1/denonext/zod.mjs": "32cf72ac44d794592028cb8e423d1f0c80525c49acf01f702c7dc6195b94eda3",
    "https://esm.sh/zod@3.24.1?target=denonext": "d8f5c6cf2c4ed543003211dcd9278e94544788f5cb36549ee0490dd27238fe82"
  },
  "workspace": {
    "dependencies": [
      "jsr:@hono/hono@^4.6.17"
    ]
  }
}
